
Microsoft Visual Studio Solution File, Format Version 12.00
# Visual Studio Version 16
VisualStudioVersion = 16.0.30330.147
MinimumVisualStudioVersion = 10.0.40219.1
Project("{FAE04EC0-301F-11D3-BF4B-00C04F79EFBC}") = "CompuertaXOR", "CompuertaXOR\CompuertaXOR.csproj", "{7329E6B7-ADEC-46D9-921C-72FBAF5E608C}"
EndProject
Global
	GlobalSection(SolutionConfigurationPlatforms) = preSolution
		Debug|Any CPU = Debug|Any CPU
		Release|Any CPU = Release|Any CPU
	EndGlobalSection
	GlobalSection(ProjectConfigurationPlatforms) = postSolution
		{7329E6B7-ADEC-46D9-921C-72FBAF5E608C}.Debug|Any CPU.ActiveCfg = Debug|Any CPU
		{7329E6B7-ADEC-46D9-921C-72FBAF5E608C}.Debug|Any CPU.Build.0 = Debug|Any CPU
		{7329E6B7-ADEC-46D9-921C-72FBAF5E608C}.Release|Any CPU.ActiveCfg = Release|Any CPU
		{7329E6B7-ADEC-46D9-921C-72FBAF5E608C}.Release|Any CPU.Build.0 = Release|Any CPU
	EndGlobalSection
	GlobalSection(SolutionProperties) = preSolution
		HideSolutionNode = FALSE
	EndGlobalSection
	GlobalSection(ExtensibilityGlobals) = postSolution
		SolutionGuid = {8D7BC074-D8CF-4A58-8D91-BF4CA31BE6D5}
	EndGlobalSection
EndGlobal
